
Microsoft Visual Studio Solution File, Format Version 12.00
# Visual Studio Version 17
VisualStudioVersion = 17.4.33403.182
MinimumVisualStudioVersion = 10.0.40219.1
Project("{FAE04EC0-301F-11D3-BF4B-00C04F79EFBC}") = "GenericMetotlar", "GenericMetotlar\GenericMetotlar.csproj", "{EBBD4C06-81B5-4118-861E-C414C8BAEACB}"
EndProject
Global
	GlobalSection(SolutionConfigurationPlatforms) = preSolution
		Debug|Any CPU = Debug|Any CPU
		Release|Any CPU = Release|Any CPU
	EndGlobalSection
	GlobalSection(ProjectConfigurationPlatforms) = postSolution
		{EBBD4C06-81B5-4118-861E-C414C8BAEACB}.Debug|Any CPU.ActiveCfg = Debug|Any CPU
		{EBBD4C06-81B5-4118-861E-C414C8BAEACB}.Debug|Any CPU.Build.0 = Debug|Any CPU
		{EBBD4C06-81B5-4118-861E-C414C8BAEACB}.Release|Any CPU.ActiveCfg = Release|Any CPU
		{EBBD4C06-81B5-4118-861E-C414C8BAEACB}.Release|Any CPU.Build.0 = Release|Any CPU
	EndGlobalSection
	GlobalSection(SolutionProperties) = preSolution
		HideSolutionNode = FALSE
	EndGlobalSection
	GlobalSection(ExtensibilityGlobals) = postSolution
		SolutionGuid = {92749B34-CFCD-4AB7-A4C9-79CDF0CEBC83}
	EndGlobalSection
EndGlobal
