
Microsoft Visual Studio Solution File, Format Version 12.00
# Visual Studio Version 17
VisualStudioVersion = 17.4.33403.182
MinimumVisualStudioVersion = 10.0.40219.1
Project("{FAE04EC0-301F-11D3-BF4B-00C04F79EFBC}") = "StaticSiniflar", "StaticSiniflar\StaticSiniflar.csproj", "{0F9F6489-CD96-4E3A-8C03-E88445B8E6A4}"
EndProject
Global
	GlobalSection(SolutionConfigurationPlatforms) = preSolution
		Debug|Any CPU = Debug|Any CPU
		Release|Any CPU = Release|Any CPU
	EndGlobalSection
	GlobalSection(ProjectConfigurationPlatforms) = postSolution
		{0F9F6489-CD96-4E3A-8C03-E88445B8E6A4}.Debug|Any CPU.ActiveCfg = Debug|Any CPU
		{0F9F6489-CD96-4E3A-8C03-E88445B8E6A4}.Debug|Any CPU.Build.0 = Debug|Any CPU
		{0F9F6489-CD96-4E3A-8C03-E88445B8E6A4}.Release|Any CPU.ActiveCfg = Release|Any CPU
		{0F9F6489-CD96-4E3A-8C03-E88445B8E6A4}.Release|Any CPU.Build.0 = Release|Any CPU
	EndGlobalSection
	GlobalSection(SolutionProperties) = preSolution
		HideSolutionNode = FALSE
	EndGlobalSection
	GlobalSection(ExtensibilityGlobals) = postSolution
		SolutionGuid = {41DE2C6E-3AA2-4A0E-AACD-BF515CDEF68B}
	EndGlobalSection
EndGlobal
