
Microsoft Visual Studio Solution File, Format Version 12.00
# Visual Studio Version 17
VisualStudioVersion = 17.4.33403.182
MinimumVisualStudioVersion = 10.0.40219.1
Project("{FAE04EC0-301F-11D3-BF4B-00C04F79EFBC}") = "Soyutlama", "Soyutlama\Soyutlama.csproj", "{C2C9B40A-DA51-4BE4-8407-A9C82B27BCEF}"
EndProject
Global
	GlobalSection(SolutionConfigurationPlatforms) = preSolution
		Debug|Any CPU = Debug|Any CPU
		Release|Any CPU = Release|Any CPU
	EndGlobalSection
	GlobalSection(ProjectConfigurationPlatforms) = postSolution
		{C2C9B40A-DA51-4BE4-8407-A9C82B27BCEF}.Debug|Any CPU.ActiveCfg = Debug|Any CPU
		{C2C9B40A-DA51-4BE4-8407-A9C82B27BCEF}.Debug|Any CPU.Build.0 = Debug|Any CPU
		{C2C9B40A-DA51-4BE4-8407-A9C82B27BCEF}.Release|Any CPU.ActiveCfg = Release|Any CPU
		{C2C9B40A-DA51-4BE4-8407-A9C82B27BCEF}.Release|Any CPU.Build.0 = Release|Any CPU
	EndGlobalSection
	GlobalSection(SolutionProperties) = preSolution
		HideSolutionNode = FALSE
	EndGlobalSection
	GlobalSection(ExtensibilityGlobals) = postSolution
		SolutionGuid = {49F70592-F851-458C-8A99-BE482BA78AB9}
	EndGlobalSection
EndGlobal
