
Microsoft Visual Studio Solution File, Format Version 12.00
# Visual Studio Version 17
VisualStudioVersion = 17.4.33403.182
MinimumVisualStudioVersion = 10.0.40219.1
Project("{FAE04EC0-301F-11D3-BF4B-00C04F79EFBC}") = "DegiskenYapilari", "DegiskenYapilari\DegiskenYapilari.csproj", "{19441CFB-676B-465A-A30F-E61E05F9E7D8}"
EndProject
Global
	GlobalSection(SolutionConfigurationPlatforms) = preSolution
		Debug|Any CPU = Debug|Any CPU
		Release|Any CPU = Release|Any CPU
	EndGlobalSection
	GlobalSection(ProjectConfigurationPlatforms) = postSolution
		{19441CFB-676B-465A-A30F-E61E05F9E7D8}.Debug|Any CPU.ActiveCfg = Debug|Any CPU
		{19441CFB-676B-465A-A30F-E61E05F9E7D8}.Debug|Any CPU.Build.0 = Debug|Any CPU
		{19441CFB-676B-465A-A30F-E61E05F9E7D8}.Release|Any CPU.ActiveCfg = Release|Any CPU
		{19441CFB-676B-465A-A30F-E61E05F9E7D8}.Release|Any CPU.Build.0 = Release|Any CPU
	EndGlobalSection
	GlobalSection(SolutionProperties) = preSolution
		HideSolutionNode = FALSE
	EndGlobalSection
	GlobalSection(ExtensibilityGlobals) = postSolution
		SolutionGuid = {1219EEAA-5BD8-4AFF-8E0A-DBF0EBFC5EB7}
	EndGlobalSection
EndGlobal
